// !$*UTF8*$!
{
	archiveVersion = 1;
	classes = {
	};
	objectVersion = 56;
	objects = {

/* Begin PBXBuildFile section */
		FC59D08E2BD048740067CD8D /* RegisterController.swift in Sources */ = {isa = PBXBuildFile; fileRef = FC59D08D2BD048740067CD8D /* RegisterController.swift */; };
		FC59D0902BD0489C0067CD8D /* LoginController.swift in Sources */ = {isa = PBXBuildFile; fileRef = FC59D08F2BD0489C0067CD8D /* LoginController.swift */; };
		FC59D0922BD048AD0067CD8D /* AuthController.swift in Sources */ = {isa = PBXBuildFile; fileRef = FC59D0912BD048AD0067CD8D /* AuthController.swift */; };
		FC59D0942BD04A2F0067CD8D /* RegisterScreen.swift in Sources */ = {isa = PBXBuildFile; fileRef = FC59D0932BD04A2F0067CD8D /* RegisterScreen.swift */; };
		FC59D0962BD04A420067CD8D /* HomeScreen.swift in Sources */ = {isa = PBXBuildFile; fileRef = FC59D0952BD04A420067CD8D /* HomeScreen.swift */; };
		FC59D0982BD04A520067CD8D /* ForgotPasswordScreen.swift in Sources */ = {isa = PBXBuildFile; fileRef = FC59D0972BD04A520067CD8D /* ForgotPasswordScreen.swift */; };
		FC6627BE2BC1FBA5004569A3 /* LoginScreen.swift in Sources */ = {isa = PBXBuildFile; fileRef = FC6627BD2BC1FBA5004569A3 /* LoginScreen.swift */; };
		FC6627C32BC1FBEB004569A3 /* Color.swift in Sources */ = {isa = PBXBuildFile; fileRef = FC6627C22BC1FBEB004569A3 /* Color.swift */; };
		FCA6544D2BD9A85D001EB242 /* HomeController.swift in Sources */ = {isa = PBXBuildFile; fileRef = FCA6544C2BD9A85D001EB242 /* HomeController.swift */; };
		FCA6544F2BD9A876001EB242 /* ForgotPasswordController.swift in Sources */ = {isa = PBXBuildFile; fileRef = FCA6544E2BD9A876001EB242 /* ForgotPasswordController.swift */; };
		FCA654522BD9A90B001EB242 /* AppLoading.swift in Sources */ = {isa = PBXBuildFile; fileRef = FCA654512BD9A90B001EB242 /* AppLoading.swift */; };
		FCB620EC2BD7989A0072699D /* GoogleService-Info.plist in Resources */ = {isa = PBXBuildFile; fileRef = FCB620EB2BD7989A0072699D /* GoogleService-Info.plist */; };
		FCB620EF2BD7994E0072699D /* FirebaseAnalytics in Frameworks */ = {isa = PBXBuildFile; productRef = FCB620EE2BD7994E0072699D /* FirebaseAnalytics */; };
		FCB620F12BD7994E0072699D /* FirebaseAuth in Frameworks */ = {isa = PBXBuildFile; productRef = FCB620F02BD7994E0072699D /* FirebaseAuth */; };
		FCB620F32BD7994E0072699D /* FirebaseFirestore in Frameworks */ = {isa = PBXBuildFile; productRef = FCB620F22BD7994E0072699D /* FirebaseFirestore */; };
		FCB620F52BD7994E0072699D /* FirebaseStorage in Frameworks */ = {isa = PBXBuildFile; productRef = FCB620F42BD7994E0072699D /* FirebaseStorage */; };
		FCCFAEC82BBE6E0E00F3627C /* DiaryApp.swift in Sources */ = {isa = PBXBuildFile; fileRef = FCCFAEC72BBE6E0E00F3627C /* DiaryApp.swift */; };
		FCCFAECA2BBE6E0E00F3627C /* ContentView.swift in Sources */ = {isa = PBXBuildFile; fileRef = FCCFAEC92BBE6E0E00F3627C /* ContentView.swift */; };
		FCCFAECC2BBE6E0F00F3627C /* Assets.xcassets in Resources */ = {isa = PBXBuildFile; fileRef = FCCFAECB2BBE6E0F00F3627C /* Assets.xcassets */; };
		FCCFAECF2BBE6E0F00F3627C /* Preview Assets.xcassets in Resources */ = {isa = PBXBuildFile; fileRef = FCCFAECE2BBE6E0F00F3627C /* Preview Assets.xcassets */; };
		FCCFAED92BBE6E0F00F3627C /* DiaryTests.swift in Sources */ = {isa = PBXBuildFile; fileRef = FCCFAED82BBE6E0F00F3627C /* DiaryTests.swift */; };
		FCCFAEE32BBE6E0F00F3627C /* DiaryUITests.swift in Sources */ = {isa = PBXBuildFile; fileRef = FCCFAEE22BBE6E0F00F3627C /* DiaryUITests.swift */; };
		FCCFAEE52BBE6E0F00F3627C /* DiaryUITestsLaunchTests.swift in Sources */ = {isa = PBXBuildFile; fileRef = FCCFAEE42BBE6E0F00F3627C /* DiaryUITestsLaunchTests.swift */; };
/* End PBXBuildFile section */

/* Begin PBXContainerItemProxy section */
		FCCFAED52BBE6E0F00F3627C /* PBXContainerItemProxy */ = {
			isa = PBXContainerItemProxy;
			containerPortal = FCCFAEBC2BBE6E0E00F3627C /* Project object */;
			proxyType = 1;
			remoteGlobalIDString = FCCFAEC32BBE6E0E00F3627C;
			remoteInfo = Diary;
		};
		FCCFAEDF2BBE6E0F00F3627C /* PBXContainerItemProxy */ = {
			isa = PBXContainerItemProxy;
			containerPortal = FCCFAEBC2BBE6E0E00F3627C /* Project object */;
			proxyType = 1;
			remoteGlobalIDString = FCCFAEC32BBE6E0E00F3627C;
			remoteInfo = Diary;
		};
/* End PBXContainerItemProxy section */

/* Begin PBXFileReference section */
		FC59D08D2BD048740067CD8D /* RegisterController.swift */ = {isa = PBXFileReference; lastKnownFileType = sourcecode.swift; path = RegisterController.swift; sourceTree = "<group>"; };
		FC59D08F2BD0489C0067CD8D /* LoginController.swift */ = {isa = PBXFileReference; lastKnownFileType = sourcecode.swift; path = LoginController.swift; sourceTree = "<group>"; };
		FC59D0912BD048AD0067CD8D /* AuthController.swift */ = {isa = PBXFileReference; lastKnownFileType = sourcecode.swift; path = AuthController.swift; sourceTree = "<group>"; };
		FC59D0932BD04A2F0067CD8D /* RegisterScreen.swift */ = {isa = PBXFileReference; lastKnownFileType = sourcecode.swift; path = RegisterScreen.swift; sourceTree = "<group>"; };
		FC59D0952BD04A420067CD8D /* HomeScreen.swift */ = {isa = PBXFileReference; lastKnownFileType = sourcecode.swift; path = HomeScreen.swift; sourceTree = "<group>"; };
		FC59D0972BD04A520067CD8D /* ForgotPasswordScreen.swift */ = {isa = PBXFileReference; lastKnownFileType = sourcecode.swift; path = ForgotPasswordScreen.swift; sourceTree = "<group>"; };
		FC6627BD2BC1FBA5004569A3 /* LoginScreen.swift */ = {isa = PBXFileReference; lastKnownFileType = sourcecode.swift; path = LoginScreen.swift; sourceTree = "<group>"; };
		FC6627C22BC1FBEB004569A3 /* Color.swift */ = {isa = PBXFileReference; lastKnownFileType = sourcecode.swift; path = Color.swift; sourceTree = "<group>"; };
		FCA094192BDCD0B6003928AB /* Info.plist */ = {isa = PBXFileReference; lastKnownFileType = text.plist; path = Info.plist; sourceTree = "<group>"; };
		FCA6544C2BD9A85D001EB242 /* HomeController.swift */ = {isa = PBXFileReference; lastKnownFileType = sourcecode.swift; path = HomeController.swift; sourceTree = "<group>"; };
		FCA6544E2BD9A876001EB242 /* ForgotPasswordController.swift */ = {isa = PBXFileReference; lastKnownFileType = sourcecode.swift; path = ForgotPasswordController.swift; sourceTree = "<group>"; };
		FCA654512BD9A90B001EB242 /* AppLoading.swift */ = {isa = PBXFileReference; lastKnownFileType = sourcecode.swift; path = AppLoading.swift; sourceTree = "<group>"; };
		FCB620EB2BD7989A0072699D /* GoogleService-Info.plist */ = {isa = PBXFileReference; fileEncoding = 4; lastKnownFileType = text.plist.xml; path = "GoogleService-Info.plist"; sourceTree = "<group>"; };
		FCCFAEC42BBE6E0E00F3627C /* Diary.app */ = {isa = PBXFileReference; explicitFileType = wrapper.application; includeInIndex = 0; path = Diary.app; sourceTree = BUILT_PRODUCTS_DIR; };
		FCCFAEC72BBE6E0E00F3627C /* DiaryApp.swift */ = {isa = PBXFileReference; lastKnownFileType = sourcecode.swift; path = DiaryApp.swift; sourceTree = "<group>"; };
		FCCFAEC92BBE6E0E00F3627C /* ContentView.swift */ = {isa = PBXFileReference; lastKnownFileType = sourcecode.swift; path = ContentView.swift; sourceTree = "<group>"; };
		FCCFAECB2BBE6E0F00F3627C /* Assets.xcassets */ = {isa = PBXFileReference; lastKnownFileType = folder.assetcatalog; path = Assets.xcassets; sourceTree = "<group>"; };
		FCCFAECE2BBE6E0F00F3627C /* Preview Assets.xcassets */ = {isa = PBXFileReference; lastKnownFileType = folder.assetcatalog; path = "Preview Assets.xcassets"; sourceTree = "<group>"; };
		FCCFAED42BBE6E0F00F3627C /* DiaryTests.xctest */ = {isa = PBXFileReference; explicitFileType = wrapper.cfbundle; includeInIndex = 0; path = DiaryTests.xctest; sourceTree = BUILT_PRODUCTS_DIR; };
		FCCFAED82BBE6E0F00F3627C /* DiaryTests.swift */ = {isa = PBXFileReference; lastKnownFileType = sourcecode.swift; path = DiaryTests.swift; sourceTree = "<group>"; };
		FCCFAEDE2BBE6E0F00F3627C /* DiaryUITests.xctest */ = {isa = PBXFileReference; explicitFileType = wrapper.cfbundle; includeInIndex = 0; path = DiaryUITests.xctest; sourceTree = BUILT_PRODUCTS_DIR; };
		FCCFAEE22BBE6E0F00F3627C /* DiaryUITests.swift */ = {isa = PBXFileReference; lastKnownFileType = sourcecode.swift; path = DiaryUITests.swift; sourceTree = "<group>"; };
		FCCFAEE42BBE6E0F00F3627C /* DiaryUITestsLaunchTests.swift */ = {isa = PBXFileReference; lastKnownFileType = sourcecode.swift; path = DiaryUITestsLaunchTests.swift; sourceTree = "<group>"; };
/* End PBXFileReference section */

/* Begin PBXFrameworksBuildPhase section */
		FCCFAEC12BBE6E0E00F3627C /* Frameworks */ = {
			isa = PBXFrameworksBuildPhase;
			buildActionMask = 2147483647;
			files = (
				FCB620EF2BD7994E0072699D /* FirebaseAnalytics in Frameworks */,
				FCB620F52BD7994E0072699D /* FirebaseStorage in Frameworks */,
				FCB620F12BD7994E0072699D /* FirebaseAuth in Frameworks */,
				FCB620F32BD7994E0072699D /* FirebaseFirestore in Frameworks */,
			);
			runOnlyForDeploymentPostprocessing = 0;
		};
		FCCFAED12BBE6E0F00F3627C /* Frameworks */ = {
			isa = PBXFrameworksBuildPhase;
			buildActionMask = 2147483647;
			files = (
			);
			runOnlyForDeploymentPostprocessing = 0;
		};
		FCCFAEDB2BBE6E0F00F3627C /* Frameworks */ = {
			isa = PBXFrameworksBuildPhase;
			buildActionMask = 2147483647;
			files = (
			);
			runOnlyForDeploymentPostprocessing = 0;
		};
/* End PBXFrameworksBuildPhase section */

/* Begin PBXGroup section */
		FC59D08C2BD048620067CD8D /* Controller */ = {
			isa = PBXGroup;
			children = (
				FC59D08D2BD048740067CD8D /* RegisterController.swift */,
				FC59D08F2BD0489C0067CD8D /* LoginController.swift */,
				FC59D0912BD048AD0067CD8D /* AuthController.swift */,
				FCA6544C2BD9A85D001EB242 /* HomeController.swift */,
				FCA6544E2BD9A876001EB242 /* ForgotPasswordController.swift */,
			);
			path = Controller;
			sourceTree = "<group>";
		};
		FC6627BC2BC1FB74004569A3 /* View */ = {
			isa = PBXGroup;
			children = (
				FC6627BD2BC1FBA5004569A3 /* LoginScreen.swift */,
				FC59D0932BD04A2F0067CD8D /* RegisterScreen.swift */,
				FC59D0952BD04A420067CD8D /* HomeScreen.swift */,
				FC59D0972BD04A520067CD8D /* ForgotPasswordScreen.swift */,
			);
			path = View;
			sourceTree = "<group>";
		};
		FC6627BF2BC1FBC2004569A3 /* Constants */ = {
			isa = PBXGroup;
			children = (
				FC6627C22BC1FBEB004569A3 /* Color.swift */,
			);
			path = Constants;
			sourceTree = "<group>";
		};
		FCA654502BD9A8F5001EB242 /* Components */ = {
			isa = PBXGroup;
			children = (
				FCA654512BD9A90B001EB242 /* AppLoading.swift */,
			);
			path = Components;
			sourceTree = "<group>";
		};
		FCCFAEBB2BBE6E0E00F3627C = {
			isa = PBXGroup;
			children = (
				FCB620EB2BD7989A0072699D /* GoogleService-Info.plist */,
				FCCFAEC62BBE6E0E00F3627C /* Diary */,
				FCCFAED72BBE6E0F00F3627C /* DiaryTests */,
				FCCFAEE12BBE6E0F00F3627C /* DiaryUITests */,
				FCCFAEC52BBE6E0E00F3627C /* Products */,
			);
			sourceTree = "<group>";
		};
		FCCFAEC52BBE6E0E00F3627C /* Products */ = {
			isa = PBXGroup;
			children = (
				FCCFAEC42BBE6E0E00F3627C /* Diary.app */,
				FCCFAED42BBE6E0F00F3627C /* DiaryTests.xctest */,
				FCCFAEDE2BBE6E0F00F3627C /* DiaryUITests.xctest */,
			);
			name = Products;
			sourceTree = "<group>";
		};
		FCCFAEC62BBE6E0E00F3627C /* Diary */ = {
			isa = PBXGroup;
			children = (
				FCA094192BDCD0B6003928AB /* Info.plist */,
				FCA654502BD9A8F5001EB242 /* Components */,
				FC59D08C2BD048620067CD8D /* Controller */,
				FC6627BF2BC1FBC2004569A3 /* Constants */,
				FC6627BC2BC1FB74004569A3 /* View */,
				FCCFAEC72BBE6E0E00F3627C /* DiaryApp.swift */,
				FCCFAEC92BBE6E0E00F3627C /* ContentView.swift */,
				FCCFAECB2BBE6E0F00F3627C /* Assets.xcassets */,
				FCCFAECD2BBE6E0F00F3627C /* Preview Content */,
			);
			path = Diary;
			sourceTree = "<group>";
		};
		FCCFAECD2BBE6E0F00F3627C /* Preview Content */ = {
			isa = PBXGroup;
			children = (
				FCCFAECE2BBE6E0F00F3627C /* Preview Assets.xcassets */,
			);
			path = "Preview Content";
			sourceTree = "<group>";
		};
		FCCFAED72BBE6E0F00F3627C /* DiaryTests */ = {
			isa = PBXGroup;
			children = (
				FCCFAED82BBE6E0F00F3627C /* DiaryTests.swift */,
			);
			path = DiaryTests;
			sourceTree = "<group>";
		};
		FCCFAEE12BBE6E0F00F3627C /* DiaryUITests */ = {
			isa = PBXGroup;
			children = (
				FCCFAEE22BBE6E0F00F3627C /* DiaryUITests.swift */,
				FCCFAEE42BBE6E0F00F3627C /* DiaryUITestsLaunchTests.swift */,
			);
			path = DiaryUITests;
			sourceTree = "<group>";
		};
/* End PBXGroup section */

/* Begin PBXNativeTarget section */
		FCCFAEC32BBE6E0E00F3627C /* Diary */ = {
			isa = PBXNativeTarget;
			buildConfigurationList = FCCFAEE82BBE6E0F00F3627C /* Build configuration list for PBXNativeTarget "Diary" */;
			buildPhases = (
				FCCFAEC02BBE6E0E00F3627C /* Sources */,
				FCCFAEC12BBE6E0E00F3627C /* Frameworks */,
				FCCFAEC22BBE6E0E00F3627C /* Resources */,
			);
			buildRules = (
			);
			dependencies = (
			);
			name = Diary;
			packageProductDependencies = (
				FCB620EE2BD7994E0072699D /* FirebaseAnalytics */,
				FCB620F02BD7994E0072699D /* FirebaseAuth */,
				FCB620F22BD7994E0072699D /* FirebaseFirestore */,
				FCB620F42BD7994E0072699D /* FirebaseStorage */,
			);
			productName = Diary;
			productReference = FCCFAEC42BBE6E0E00F3627C /* Diary.app */;
			productType = "com.apple.product-type.application";
		};
		FCCFAED32BBE6E0F00F3627C /* DiaryTests */ = {
			isa = PBXNativeTarget;
			buildConfigurationList = FCCFAEEB2BBE6E0F00F3627C /* Build configuration list for PBXNativeTarget "DiaryTests" */;
			buildPhases = (
				FCCFAED02BBE6E0F00F3627C /* Sources */,
				FCCFAED12BBE6E0F00F3627C /* Frameworks */,
				FCCFAED22BBE6E0F00F3627C /* Resources */,
			);
			buildRules = (
			);
			dependencies = (
				FCCFAED62BBE6E0F00F3627C /* PBXTargetDependency */,
			);
			name = DiaryTests;
			productName = DiaryTests;
			productReference = FCCFAED42BBE6E0F00F3627C /* DiaryTests.xctest */;
			productType = "com.apple.product-type.bundle.unit-test";
		};
		FCCFAEDD2BBE6E0F00F3627C /* DiaryUITests */ = {
			isa = PBXNativeTarget;
			buildConfigurationList = FCCFAEEE2BBE6E0F00F3627C /* Build configuration list for PBXNativeTarget "DiaryUITests" */;
			buildPhases = (
				FCCFAEDA2BBE6E0F00F3627C /* Sources */,
				FCCFAEDB2BBE6E0F00F3627C /* Frameworks */,
				FCCFAEDC2BBE6E0F00F3627C /* Resources */,
			);
			buildRules = (
			);
			dependencies = (
				FCCFAEE02BBE6E0F00F3627C /* PBXTargetDependency */,
			);
			name = DiaryUITests;
			productName = DiaryUITests;
			productReference = FCCFAEDE2BBE6E0F00F3627C /* DiaryUITests.xctest */;
			productType = "com.apple.product-type.bundle.ui-testing";
		};
/* End PBXNativeTarget section */

/* Begin PBXProject section */
		FCCFAEBC2BBE6E0E00F3627C /* Project object */ = {
			isa = PBXProject;
			attributes = {
				BuildIndependentTargetsInParallel = 1;
				LastSwiftUpdateCheck = 1520;
				LastUpgradeCheck = 1520;
				TargetAttributes = {
					FCCFAEC32BBE6E0E00F3627C = {
						CreatedOnToolsVersion = 15.2;
					};
					FCCFAED32BBE6E0F00F3627C = {
						CreatedOnToolsVersion = 15.2;
						TestTargetID = FCCFAEC32BBE6E0E00F3627C;
					};
					FCCFAEDD2BBE6E0F00F3627C = {
						CreatedOnToolsVersion = 15.2;
						TestTargetID = FCCFAEC32BBE6E0E00F3627C;
					};
				};
			};
			buildConfigurationList = FCCFAEBF2BBE6E0E00F3627C /* Build configuration list for PBXProject "Diary" */;
			compatibilityVersion = "Xcode 14.0";
			developmentRegion = en;
			hasScannedForEncodings = 0;
			knownRegions = (
				en,
				Base,
			);
			mainGroup = FCCFAEBB2BBE6E0E00F3627C;
			packageReferences = (
				FCB620ED2BD7994E0072699D /* XCRemoteSwiftPackageReference "firebase-ios-sdk" */,
			);
			productRefGroup = FCCFAEC52BBE6E0E00F3627C /* Products */;
			projectDirPath = "";
			projectRoot = "";
			targets = (
				FCCFAEC32BBE6E0E00F3627C /* Diary */,
				FCCFAED32BBE6E0F00F3627C /* DiaryTests */,
				FCCFAEDD2BBE6E0F00F3627C /* DiaryUITests */,
			);
		};
/* End PBXProject section */

/* Begin PBXResourcesBuildPhase section */
		FCCFAEC22BBE6E0E00F3627C /* Resources */ = {
			isa = PBXResourcesBuildPhase;
			buildActionMask = 2147483647;
			files = (
				FCCFAECF2BBE6E0F00F3627C /* Preview Assets.xcassets in Resources */,
				FCCFAECC2BBE6E0F00F3627C /* Assets.xcassets in Resources */,
				FCB620EC2BD7989A0072699D /* GoogleService-Info.plist in Resources */,
			);
			runOnlyForDeploymentPostprocessing = 0;
		};
		FCCFAED22BBE6E0F00F3627C /* Resources */ = {
			isa = PBXResourcesBuildPhase;
			buildActionMask = 2147483647;
			files = (
			);
			runOnlyForDeploymentPostprocessing = 0;
		};
		FCCFAEDC2BBE6E0F00F3627C /* Resources */ = {
			isa = PBXResourcesBuildPhase;
			buildActionMask = 2147483647;
			files = (
			);
			runOnlyForDeploymentPostprocessing = 0;
		};
/* End PBXResourcesBuildPhase section */

/* Begin PBXSourcesBuildPhase section */
		FCCFAEC02BBE6E0E00F3627C /* Sources */ = {
			isa = PBXSourcesBuildPhase;
			buildActionMask = 2147483647;
			files = (
				FC59D08E2BD048740067CD8D /* RegisterController.swift in Sources */,
				FCA6544F2BD9A876001EB242 /* ForgotPasswordController.swift in Sources */,
				FC59D0982BD04A520067CD8D /* ForgotPasswordScreen.swift in Sources */,
				FCA6544D2BD9A85D001EB242 /* HomeController.swift in Sources */,
				FC59D0902BD0489C0067CD8D /* LoginController.swift in Sources */,
				FCCFAECA2BBE6E0E00F3627C /* ContentView.swift in Sources */,
				FC6627C32BC1FBEB004569A3 /* Color.swift in Sources */,
				FCA654522BD9A90B001EB242 /* AppLoading.swift in Sources */,
				FC59D0942BD04A2F0067CD8D /* RegisterScreen.swift in Sources */,
				FC59D0962BD04A420067CD8D /* HomeScreen.swift in Sources */,
				FCCFAEC82BBE6E0E00F3627C /* DiaryApp.swift in Sources */,
				FC59D0922BD048AD0067CD8D /* AuthController.swift in Sources */,
				FC6627BE2BC1FBA5004569A3 /* LoginScreen.swift in Sources */,
			);
			runOnlyForDeploymentPostprocessing = 0;
		};
		FCCFAED02BBE6E0F00F3627C /* Sources */ = {
			isa = PBXSourcesBuildPhase;
			buildActionMask = 2147483647;
			files = (
				FCCFAED92BBE6E0F00F3627C /* DiaryTests.swift in Sources */,
			);
			runOnlyForDeploymentPostprocessing = 0;
		};
		FCCFAEDA2BBE6E0F00F3627C /* Sources */ = {
			isa = PBXSourcesBuildPhase;
			buildActionMask = 2147483647;
			files = (
				FCCFAEE52BBE6E0F00F3627C /* DiaryUITestsLaunchTests.swift in Sources */,
				FCCFAEE32BBE6E0F00F3627C /* DiaryUITests.swift in Sources */,
			);
			runOnlyForDeploymentPostprocessing = 0;
		};
/* End PBXSourcesBuildPhase section */

/* Begin PBXTargetDependency section */
		FCCFAED62BBE6E0F00F3627C /* PBXTargetDependency */ = {
			isa = PBXTargetDependency;
			target = FCCFAEC32BBE6E0E00F3627C /* Diary */;
			targetProxy = FCCFAED52BBE6E0F00F3627C /* PBXContainerItemProxy */;
		};
		FCCFAEE02BBE6E0F00F3627C /* PBXTargetDependency */ = {
			isa = PBXTargetDependency;
			target = FCCFAEC32BBE6E0E00F3627C /* Diary */;
			targetProxy = FCCFAEDF2BBE6E0F00F3627C /* PBXContainerItemProxy */;
		};
/* End PBXTargetDependency section */

/* Begin XCBuildConfiguration section */
		FCCFAEE62BBE6E0F00F3627C /* Debug */ = {
			isa = XCBuildConfiguration;
			buildSettings = {
				ALWAYS_SEARCH_USER_PATHS = NO;
				ASSETCATALOG_COMPILER_GENERATE_SWIFT_ASSET_SYMBOL_EXTENSIONS = YES;
				CLANG_ANALYZER_NONNULL = YES;
				CLANG_ANALYZER_NUMBER_OBJECT_CONVERSION = YES_AGGRESSIVE;
				CLANG_CXX_LANGUAGE_STANDARD = "gnu++20";
				CLANG_ENABLE_MODULES = YES;
				CLANG_ENABLE_OBJC_ARC = YES;
				CLANG_ENABLE_OBJC_WEAK = YES;
				CLANG_WARN_BLOCK_CAPTURE_AUTORELEASING = YES;
				CLANG_WARN_BOOL_CONVERSION = YES;
				CLANG_WARN_COMMA = YES;
				CLANG_WARN_CONSTANT_CONVERSION = YES;
				CLANG_WARN_DEPRECATED_OBJC_IMPLEMENTATIONS = YES;
				CLANG_WARN_DIRECT_OBJC_ISA_USAGE = YES_ERROR;
				CLANG_WARN_DOCUMENTATION_COMMENTS = YES;
				CLANG_WARN_EMPTY_BODY = YES;
				CLANG_WARN_ENUM_CONVERSION = YES;
				CLANG_WARN_INFINITE_RECURSION = YES;
				CLANG_WARN_INT_CONVERSION = YES;
				CLANG_WARN_NON_LITERAL_NULL_CONVERSION = YES;
				CLANG_WARN_OBJC_IMPLICIT_RETAIN_SELF = YES;
				CLANG_WARN_OBJC_LITERAL_CONVERSION = YES;
				CLANG_WARN_OBJC_ROOT_CLASS = YES_ERROR;
				CLANG_WARN_QUOTED_INCLUDE_IN_FRAMEWORK_HEADER = YES;
				CLANG_WARN_RANGE_LOOP_ANALYSIS = YES;
				CLANG_WARN_STRICT_PROTOTYPES = YES;
				CLANG_WARN_SUSPICIOUS_MOVE = YES;
				CLANG_WARN_UNGUARDED_AVAILABILITY = YES_AGGRESSIVE;
				CLANG_WARN_UNREACHABLE_CODE = YES;
				CLANG_WARN__DUPLICATE_METHOD_MATCH = YES;
				COPY_PHASE_STRIP = NO;
				DEBUG_INFORMATION_FORMAT = dwarf;
				ENABLE_STRICT_OBJC_MSGSEND = YES;
				ENABLE_TESTABILITY = YES;
				ENABLE_USER_SCRIPT_SANDBOXING = YES;
				GCC_C_LANGUAGE_STANDARD = gnu17;
				GCC_DYNAMIC_NO_PIC = NO;
				GCC_NO_COMMON_BLOCKS = YES;
				GCC_OPTIMIZATION_LEVEL = 0;
				GCC_PREPROCESSOR_DEFINITIONS = (
					"DEBUG=1",
					"$(inherited)",
				);
				GCC_WARN_64_TO_32_BIT_CONVERSION = YES;
				GCC_WARN_ABOUT_RETURN_TYPE = YES_ERROR;
				GCC_WARN_UNDECLARED_SELECTOR = YES;
				GCC_WARN_UNINITIALIZED_AUTOS = YES_AGGRESSIVE;
				GCC_WARN_UNUSED_FUNCTION = YES;
				GCC_WARN_UNUSED_VARIABLE = YES;
				IPHONEOS_DEPLOYMENT_TARGET = 17.2;
				LOCALIZATION_PREFERS_STRING_CATALOGS = YES;
				MTL_ENABLE_DEBUG_INFO = INCLUDE_SOURCE;
				MTL_FAST_MATH = YES;
				ONLY_ACTIVE_ARCH = YES;
				SDKROOT = iphoneos;
				SWIFT_ACTIVE_COMPILATION_CONDITIONS = "DEBUG $(inherited)";
				SWIFT_OPTIMIZATION_LEVEL = "-Onone";
			};
			name = Debug;
		};
		FCCFAEE72BBE6E0F00F3627C /* Release */ = {
			isa = XCBuildConfiguration;
			buildSettings = {
				ALWAYS_SEARCH_USER_PATHS = NO;
				ASSETCATALOG_COMPILER_GENERATE_SWIFT_ASSET_SYMBOL_EXTENSIONS = YES;
				CLANG_ANALYZER_NONNULL = YES;
				CLANG_ANALYZER_NUMBER_OBJECT_CONVERSION = YES_AGGRESSIVE;
				CLANG_CXX_LANGUAGE_STANDARD = "gnu++20";
				CLANG_ENABLE_MODULES = YES;
				CLANG_ENABLE_OBJC_ARC = YES;
				CLANG_ENABLE_OBJC_WEAK = YES;
				CLANG_WARN_BLOCK_CAPTURE_AUTORELEASING = YES;
				CLANG_WARN_BOOL_CONVERSION = YES;
				CLANG_WARN_COMMA = YES;
				CLANG_WARN_CONSTANT_CONVERSION = YES;
				CLANG_WARN_DEPRECATED_OBJC_IMPLEMENTATIONS = YES;
				CLANG_WARN_DIRECT_OBJC_ISA_USAGE = YES_ERROR;
				CLANG_WARN_DOCUMENTATION_COMMENTS = YES;
				CLANG_WARN_EMPTY_BODY = YES;
				CLANG_WARN_ENUM_CONVERSION = YES;
				CLANG_WARN_INFINITE_RECURSION = YES;
				CLANG_WARN_INT_CONVERSION = YES;
				CLANG_WARN_NON_LITERAL_NULL_CONVERSION = YES;
				CLANG_WARN_OBJC_IMPLICIT_RETAIN_SELF = YES;
				CLANG_WARN_OBJC_LITERAL_CONVERSION = YES;
				CLANG_WARN_OBJC_ROOT_CLASS = YES_ERROR;
				CLANG_WARN_QUOTED_INCLUDE_IN_FRAMEWORK_HEADER = YES;
				CLANG_WARN_RANGE_LOOP_ANALYSIS = YES;
				CLANG_WARN_STRICT_PROTOTYPES = YES;
				CLANG_WARN_SUSPICIOUS_MOVE = YES;
				CLANG_WARN_UNGUARDED_AVAILABILITY = YES_AGGRESSIVE;
				CLANG_WARN_UNREACHABLE_CODE = YES;
				CLANG_WARN__DUPLICATE_METHOD_MATCH = YES;
				COPY_PHASE_STRIP = NO;
				DEBUG_INFORMATION_FORMAT = "dwarf-with-dsym";
				ENABLE_NS_ASSERTIONS = NO;
				ENABLE_STRICT_OBJC_MSGSEND = YES;
				ENABLE_USER_SCRIPT_SANDBOXING = YES;
				GCC_C_LANGUAGE_STANDARD = gnu17;
				GCC_NO_COMMON_BLOCKS = YES;
				GCC_WARN_64_TO_32_BIT_CONVERSION = YES;
				GCC_WARN_ABOUT_RETURN_TYPE = YES_ERROR;
				GCC_WARN_UNDECLARED_SELECTOR = YES;
				GCC_WARN_UNINITIALIZED_AUTOS = YES_AGGRESSIVE;
				GCC_WARN_UNUSED_FUNCTION = YES;
				GCC_WARN_UNUSED_VARIABLE = YES;
				IPHONEOS_DEPLOYMENT_TARGET = 17.2;
				LOCALIZATION_PREFERS_STRING_CATALOGS = YES;
				MTL_ENABLE_DEBUG_INFO = NO;
				MTL_FAST_MATH = YES;
				SDKROOT = iphoneos;
				SWIFT_COMPILATION_MODE = wholemodule;
				VALIDATE_PRODUCT = YES;
			};
			name = Release;
		};
		FCCFAEE92BBE6E0F00F3627C /* Debug */ = {
			isa = XCBuildConfiguration;
			buildSettings = {
				ASSETCATALOG_COMPILER_APPICON_NAME = AppIcon;
				ASSETCATALOG_COMPILER_GLOBAL_ACCENT_COLOR_NAME = AccentColor;
				CODE_SIGN_STYLE = Automatic;
				CURRENT_PROJECT_VERSION = 1;
				DEVELOPMENT_ASSET_PATHS = "\"Diary/Preview Content\"";
				ENABLE_PREVIEWS = YES;
				GENERATE_INFOPLIST_FILE = YES;
				INFOPLIST_FILE = Diary/Info.plist;
				INFOPLIST_KEY_UIApplicationSceneManifest_Generation = YES;
				INFOPLIST_KEY_UIApplicationSupportsIndirectInputEvents = YES;
				INFOPLIST_KEY_UILaunchScreen_Generation = YES;
				INFOPLIST_KEY_UISupportedInterfaceOrientations_iPad = "UIInterfaceOrientationPortrait UIInterfaceOrientationPortraitUpsideDown UIInterfaceOrientationLandscapeLeft UIInterfaceOrientationLandscapeRight";
				INFOPLIST_KEY_UISupportedInterfaceOrientations_iPhone = "UIInterfaceOrientationPortrait UIInterfaceOrientationLandscapeLeft UIInterfaceOrientationLandscapeRight";
				LD_RUNPATH_SEARCH_PATHS = (
					"$(inherited)",
					"@executable_path/Frameworks",
				);
				MARKETING_VERSION = 1.0;
				PRODUCT_BUNDLE_IDENTIFIER = No.Diary;
				PRODUCT_NAME = "$(TARGET_NAME)";
				SWIFT_EMIT_LOC_STRINGS = YES;
				SWIFT_VERSION = 5.0;
				TARGETED_DEVICE_FAMILY = "1,2";
			};
			name = Debug;
		};
		FCCFAEEA2BBE6E0F00F3627C /* Release */ = {
			isa = XCBuildConfiguration;
			buildSettings = {
				ASSETCATALOG_COMPILER_APPICON_NAME = AppIcon;
				ASSETCATALOG_COMPILER_GLOBAL_ACCENT_COLOR_NAME = AccentColor;
				CODE_SIGN_STYLE = Automatic;
				CURRENT_PROJECT_VERSION = 1;
				DEVELOPMENT_ASSET_PATHS = "\"Diary/Preview Content\"";
				ENABLE_PREVIEWS = YES;
				GENERATE_INFOPLIST_FILE = YES;
				INFOPLIST_FILE = Diary/Info.plist;
				INFOPLIST_KEY_UIApplicationSceneManifest_Generation = YES;
				INFOPLIST_KEY_UIApplicationSupportsIndirectInputEvents = YES;
				INFOPLIST_KEY_UILaunchScreen_Generation = YES;
				INFOPLIST_KEY_UISupportedInterfaceOrientations_iPad = "UIInterfaceOrientationPortrait UIInterfaceOrientationPortraitUpsideDown UIInterfaceOrientationLandscapeLeft UIInterfaceOrientationLandscapeRight";
				INFOPLIST_KEY_UISupportedInterfaceOrientations_iPhone = "UIInterfaceOrientationPortrait UIInterfaceOrientationLandscapeLeft UIInterfaceOrientationLandscapeRight";
				LD_RUNPATH_SEARCH_PATHS = (
					"$(inherited)",
					"@executable_path/Frameworks",
				);
				MARKETING_VERSION = 1.0;
				PRODUCT_BUNDLE_IDENTIFIER = No.Diary;
				PRODUCT_NAME = "$(TARGET_NAME)";
				SWIFT_EMIT_LOC_STRINGS = YES;
				SWIFT_VERSION = 5.0;
				TARGETED_DEVICE_FAMILY = "1,2";
			};
			name = Release;
		};
		FCCFAEEC2BBE6E0F00F3627C /* Debug */ = {
			isa = XCBuildConfiguration;
			buildSettings = {
				ALWAYS_EMBED_SWIFT_STANDARD_LIBRARIES = YES;
				BUNDLE_LOADER = "$(TEST_HOST)";
				CODE_SIGN_STYLE = Automatic;
				CURRENT_PROJECT_VERSION = 1;
				GENERATE_INFOPLIST_FILE = YES;
				IPHONEOS_DEPLOYMENT_TARGET = 17.2;
				MARKETING_VERSION = 1.0;
				PRODUCT_BUNDLE_IDENTIFIER = No.DiaryTests;
				PRODUCT_NAME = "$(TARGET_NAME)";
				SWIFT_EMIT_LOC_STRINGS = NO;
				SWIFT_VERSION = 5.0;
				TARGETED_DEVICE_FAMILY = "1,2";
				TEST_HOST = "$(BUILT_PRODUCTS_DIR)/Diary.app/$(BUNDLE_EXECUTABLE_FOLDER_PATH)/Diary";
			};
			name = Debug;
		};
		FCCFAEED2BBE6E0F00F3627C /* Release */ = {
			isa = XCBuildConfiguration;
			buildSettings = {
				ALWAYS_EMBED_SWIFT_STANDARD_LIBRARIES = YES;
				BUNDLE_LOADER = "$(TEST_HOST)";
				CODE_SIGN_STYLE = Automatic;
				CURRENT_PROJECT_VERSION = 1;
				GENERATE_INFOPLIST_FILE = YES;
				IPHONEOS_DEPLOYMENT_TARGET = 17.2;
				MARKETING_VERSION = 1.0;
				PRODUCT_BUNDLE_IDENTIFIER = No.DiaryTests;
				PRODUCT_NAME = "$(TARGET_NAME)";
				SWIFT_EMIT_LOC_STRINGS = NO;
				SWIFT_VERSION = 5.0;
				TARGETED_DEVICE_FAMILY = "1,2";
				TEST_HOST = "$(BUILT_PRODUCTS_DIR)/Diary.app/$(BUNDLE_EXECUTABLE_FOLDER_PATH)/Diary";
			};
			name = Release;
		};
		FCCFAEEF2BBE6E0F00F3627C /* Debug */ = {
			isa = XCBuildConfiguration;
			buildSettings = {
				ALWAYS_EMBED_SWIFT_STANDARD_LIBRARIES = YES;
				CODE_SIGN_STYLE = Automatic;
				CURRENT_PROJECT_VERSION = 1;
				GENERATE_INFOPLIST_FILE = YES;
				MARKETING_VERSION = 1.0;
				PRODUCT_BUNDLE_IDENTIFIER = No.DiaryUITests;
				PRODUCT_NAME = "$(TARGET_NAME)";
				SWIFT_EMIT_LOC_STRINGS = NO;
				SWIFT_VERSION = 5.0;
				TARGETED_DEVICE_FAMILY = "1,2";
				TEST_TARGET_NAME = Diary;
			};
			name = Debug;
		};
		FCCFAEF02BBE6E0F00F3627C /* Release */ = {
			isa = XCBuildConfiguration;
			buildSettings = {
				ALWAYS_EMBED_SWIFT_STANDARD_LIBRARIES = YES;
				CODE_SIGN_STYLE = Automatic;
				CURRENT_PROJECT_VERSION = 1;
				GENERATE_INFOPLIST_FILE = YES;
				MARKETING_VERSION = 1.0;
				PRODUCT_BUNDLE_IDENTIFIER = No.DiaryUITests;
				PRODUCT_NAME = "$(TARGET_NAME)";
				SWIFT_EMIT_LOC_STRINGS = NO;
				SWIFT_VERSION = 5.0;
				TARGETED_DEVICE_FAMILY = "1,2";
				TEST_TARGET_NAME = Diary;
			};
			name = Release;
		};
/* End XCBuildConfiguration section */

/* Begin XCConfigurationList section */
		FCCFAEBF2BBE6E0E00F3627C /* Build configuration list for PBXProject "Diary" */ = {
			isa = XCConfigurationList;
			buildConfigurations = (
				FCCFAEE62BBE6E0F00F3627C /* Debug */,
				FCCFAEE72BBE6E0F00F3627C /* Release */,
			);
			defaultConfigurationIsVisible = 0;
			defaultConfigurationName = Release;
		};
		FCCFAEE82BBE6E0F00F3627C /* Build configuration list for PBXNativeTarget "Diary" */ = {
			isa = XCConfigurationList;
			buildConfigurations = (
				FCCFAEE92BBE6E0F00F3627C /* Debug */,
				FCCFAEEA2BBE6E0F00F3627C /* Release */,
			);
			defaultConfigurationIsVisible = 0;
			defaultConfigurationName = Release;
		};
		FCCFAEEB2BBE6E0F00F3627C /* Build configuration list for PBXNativeTarget "DiaryTests" */ = {
			isa = XCConfigurationList;
			buildConfigurations = (
				FCCFAEEC2BBE6E0F00F3627C /* Debug */,
				FCCFAEED2BBE6E0F00F3627C /* Release */,
			);
			defaultConfigurationIsVisible = 0;
			defaultConfigurationName = Release;
		};
		FCCFAEEE2BBE6E0F00F3627C /* Build configuration list for PBXNativeTarget "DiaryUITests" */ = {
			isa = XCConfigurationList;
			buildConfigurations = (
				FCCFAEEF2BBE6E0F00F3627C /* Debug */,
				FCCFAEF02BBE6E0F00F3627C /* Release */,
			);
			defaultConfigurationIsVisible = 0;
			defaultConfigurationName = Release;
		};
/* End XCConfigurationList section */

/* Begin XCRemoteSwiftPackageReference section */
		FCB620ED2BD7994E0072699D /* XCRemoteSwiftPackageReference "firebase-ios-sdk" */ = {
			isa = XCRemoteSwiftPackageReference;
			repositoryURL = "https://github.com/firebase/firebase-ios-sdk";
			requirement = {
				kind = upToNextMajorVersion;
				minimumVersion = 10.24.0;
			};
		};
/* End XCRemoteSwiftPackageReference section */

/* Begin XCSwiftPackageProductDependency section */
		FCB620EE2BD7994E0072699D /* FirebaseAnalytics */ = {
			isa = XCSwiftPackageProductDependency;
			package = FCB620ED2BD7994E0072699D /* XCRemoteSwiftPackageReference "firebase-ios-sdk" */;
			productName = FirebaseAnalytics;
		};
		FCB620F02BD7994E0072699D /* FirebaseAuth */ = {
			isa = XCSwiftPackageProductDependency;
			package = FCB620ED2BD7994E0072699D /* XCRemoteSwiftPackageReference "firebase-ios-sdk" */;
			productName = FirebaseAuth;
		};
		FCB620F22BD7994E0072699D /* FirebaseFirestore */ = {
			isa = XCSwiftPackageProductDependency;
			package = FCB620ED2BD7994E0072699D /* XCRemoteSwiftPackageReference "firebase-ios-sdk" */;
			productName = FirebaseFirestore;
		};
		FCB620F42BD7994E0072699D /* FirebaseStorage */ = {
			isa = XCSwiftPackageProductDependency;
			package = FCB620ED2BD7994E0072699D /* XCRemoteSwiftPackageReference "firebase-ios-sdk" */;
			productName = FirebaseStorage;
		};
/* End XCSwiftPackageProductDependency section */
	};
	rootObject = FCCFAEBC2BBE6E0E00F3627C /* Project object */;
}
